
Microsoft Visual Studio Solution File, Format Version 12.00
# Visual Studio 14
VisualStudioVersion = 14.0.23107.0
MinimumVisualStudioVersion = 10.0.40219.1
Project("{FAE04EC0-301F-11D3-BF4B-00C04F79EFBC}") = "BaoMing", "BaoMing\BaoMing.csproj", "{40BBC7B0-82C4-49FA-ACB9-7B7FDEC4F965}"
EndProject
Project("{FAE04EC0-301F-11D3-BF4B-00C04F79EFBC}") = "EntityManage", "EntityManage\EntityManage.csproj", "{8B8B26D5-834A-4A7A-9DB7-9FCB1FD5C50F}"
EndProject
Global
	GlobalSection(SolutionConfigurationPlatforms) = preSolution
		Debug|Any CPU = Debug|Any CPU
		Release|Any CPU = Release|Any CPU
	EndGlobalSection
	GlobalSection(ProjectConfigurationPlatforms) = postSolution
		{40BBC7B0-82C4-49FA-ACB9-7B7FDEC4F965}.Debug|Any CPU.ActiveCfg = Debug|Any CPU
		{40BBC7B0-82C4-49FA-ACB9-7B7FDEC4F965}.Debug|Any CPU.Build.0 = Debug|Any CPU
		{40BBC7B0-82C4-49FA-ACB9-7B7FDEC4F965}.Release|Any CPU.ActiveCfg = Release|Any CPU
		{40BBC7B0-82C4-49FA-ACB9-7B7FDEC4F965}.Release|Any CPU.Build.0 = Release|Any CPU
		{8B8B26D5-834A-4A7A-9DB7-9FCB1FD5C50F}.Debug|Any CPU.ActiveCfg = Debug|Any CPU
		{8B8B26D5-834A-4A7A-9DB7-9FCB1FD5C50F}.Debug|Any CPU.Build.0 = Debug|Any CPU
		{8B8B26D5-834A-4A7A-9DB7-9FCB1FD5C50F}.Release|Any CPU.ActiveCfg = Release|Any CPU
		{8B8B26D5-834A-4A7A-9DB7-9FCB1FD5C50F}.Release|Any CPU.Build.0 = Release|Any CPU
	EndGlobalSection
	GlobalSection(SolutionProperties) = preSolution
		HideSolutionNode = FALSE
	EndGlobalSection
EndGlobal
